
Microsoft Visual Studio Solution File, Format Version 12.00
# Visual Studio Version 17
VisualStudioVersion = 17.11.35327.3
MinimumVisualStudioVersion = 10.0.40219.1
Project("{FAE04EC0-301F-11D3-BF4B-00C04F79EFBC}") = "BasicLoginApp", "BasicLoginApp.csproj", "{92497155-E5A5-4CCC-B5DD-137465E6E653}"
EndProject
Global
	GlobalSection(SolutionConfigurationPlatforms) = preSolution
		Debug|Any CPU = Debug|Any CPU
		Release|Any CPU = Release|Any CPU
	EndGlobalSection
	GlobalSection(ProjectConfigurationPlatforms) = postSolution
		{92497155-E5A5-4CCC-B5DD-137465E6E653}.Debug|Any CPU.ActiveCfg = Debug|Any CPU
		{92497155-E5A5-4CCC-B5DD-137465E6E653}.Debug|Any CPU.Build.0 = Debug|Any CPU
		{92497155-E5A5-4CCC-B5DD-137465E6E653}.Release|Any CPU.ActiveCfg = Release|Any CPU
		{92497155-E5A5-4CCC-B5DD-137465E6E653}.Release|Any CPU.Build.0 = Release|Any CPU
	EndGlobalSection
	GlobalSection(SolutionProperties) = preSolution
		HideSolutionNode = FALSE
	EndGlobalSection
	GlobalSection(ExtensibilityGlobals) = postSolution
		SolutionGuid = {0BAB7642-4F7C-4AFB-A963-9667A5AAC9AE}
	EndGlobalSection
EndGlobal
